// !$*UTF8*$!
{
	archiveVersion = 1;
	classes = {
	};
	objectVersion = 48;
	objects = {

/* Begin PBXBuildFile section */
		1821755A1FE7B82C00EC79D8 /* AppDelegate.m in Sources */ = {isa = PBXBuildFile; fileRef = 182175591FE7B82C00EC79D8 /* AppDelegate.m */; };
		1821755D1FE7B82C00EC79D8 /* ViewController.m in Sources */ = {isa = PBXBuildFile; fileRef = 1821755C1FE7B82C00EC79D8 /* ViewController.m */; };
		182175601FE7B82C00EC79D8 /* Main.storyboard in Resources */ = {isa = PBXBuildFile; fileRef = 1821755E1FE7B82C00EC79D8 /* Main.storyboard */; };
		182175621FE7B82C00EC79D8 /* Assets.xcassets in Resources */ = {isa = PBXBuildFile; fileRef = 182175611FE7B82C00EC79D8 /* Assets.xcassets */; };
		182175651FE7B82C00EC79D8 /* LaunchScreen.storyboard in Resources */ = {isa = PBXBuildFile; fileRef = 182175631FE7B82C00EC79D8 /* LaunchScreen.storyboard */; };
		182175681FE7B82C00EC79D8 /* main.m in Sources */ = {isa = PBXBuildFile; fileRef = 182175671FE7B82C00EC79D8 /* main.m */; };
		182175721FE7B82C00EC79D8 /* shareTests.m in Sources */ = {isa = PBXBuildFile; fileRef = 182175711FE7B82C00EC79D8 /* shareTests.m */; };
		1821757D1FE7B82C00EC79D8 /* shareUITests.m in Sources */ = {isa = PBXBuildFile; fileRef = 1821757C1FE7B82C00EC79D8 /* shareUITests.m */; };
		182175921FE7B88D00EC79D8 /* ShareViewController.m in Sources */ = {isa = PBXBuildFile; fileRef = 182175911FE7B88D00EC79D8 /* ShareViewController.m */; };
		182175951FE7B88D00EC79D8 /* MainInterface.storyboard in Resources */ = {isa = PBXBuildFile; fileRef = 182175931FE7B88D00EC79D8 /* MainInterface.storyboard */; };
		182175991FE7B88D00EC79D8 /* shareSafire.appex in Embed App Extensions */ = {isa = PBXBuildFile; fileRef = 1821758E1FE7B88C00EC79D8 /* shareSafire.appex */; settings = {ATTRIBUTES = (RemoveHeadersOnCopy, ); }; };
/* End PBXBuildFile section */

/* Begin PBXContainerItemProxy section */
		1821756E1FE7B82C00EC79D8 /* PBXContainerItemProxy */ = {
			isa = PBXContainerItemProxy;
			containerPortal = 1821754D1FE7B82C00EC79D8 /* Project object */;
			proxyType = 1;
			remoteGlobalIDString = 182175541FE7B82C00EC79D8;
			remoteInfo = share;
		};
		182175791FE7B82C00EC79D8 /* PBXContainerItemProxy */ = {
			isa = PBXContainerItemProxy;
			containerPortal = 1821754D1FE7B82C00EC79D8 /* Project object */;
			proxyType = 1;
			remoteGlobalIDString = 182175541FE7B82C00EC79D8;
			remoteInfo = share;
		};
		182175971FE7B88D00EC79D8 /* PBXContainerItemProxy */ = {
			isa = PBXContainerItemProxy;
			containerPortal = 1821754D1FE7B82C00EC79D8 /* Project object */;
			proxyType = 1;
			remoteGlobalIDString = 1821758D1FE7B88C00EC79D8;
			remoteInfo = shareSafire;
		};
/* End PBXContainerItemProxy section */

/* Begin PBXCopyFilesBuildPhase section */
		1821759D1FE7B88D00EC79D8 /* Embed App Extensions */ = {
			isa = PBXCopyFilesBuildPhase;
			buildActionMask = 2147483647;
			dstPath = "";
			dstSubfolderSpec = 13;
			files = (
				182175991FE7B88D00EC79D8 /* shareSafire.appex in Embed App Extensions */,
			);
			name = "Embed App Extensions";
			runOnlyForDeploymentPostprocessing = 0;
		};
/* End PBXCopyFilesBuildPhase section */

/* Begin PBXFileReference section */
		182175551FE7B82C00EC79D8 /* share.app */ = {isa = PBXFileReference; explicitFileType = wrapper.application; includeInIndex = 0; path = share.app; sourceTree = BUILT_PRODUCTS_DIR; };
		182175581FE7B82C00EC79D8 /* AppDelegate.h */ = {isa = PBXFileReference; lastKnownFileType = sourcecode.c.h; path = AppDelegate.h; sourceTree = "<group>"; };
		182175591FE7B82C00EC79D8 /* AppDelegate.m */ = {isa = PBXFileReference; lastKnownFileType = sourcecode.c.objc; path = AppDelegate.m; sourceTree = "<group>"; };
		1821755B1FE7B82C00EC79D8 /* ViewController.h */ = {isa = PBXFileReference; lastKnownFileType = sourcecode.c.h; path = ViewController.h; sourceTree = "<group>"; };
		1821755C1FE7B82C00EC79D8 /* ViewController.m */ = {isa = PBXFileReference; lastKnownFileType = sourcecode.c.objc; path = ViewController.m; sourceTree = "<group>"; };
		1821755F1FE7B82C00EC79D8 /* Base */ = {isa = PBXFileReference; lastKnownFileType = file.storyboard; name = Base; path = Base.lproj/Main.storyboard; sourceTree = "<group>"; };
		182175611FE7B82C00EC79D8 /* Assets.xcassets */ = {isa = PBXFileReference; lastKnownFileType = folder.assetcatalog; path = Assets.xcassets; sourceTree = "<group>"; };
		182175641FE7B82C00EC79D8 /* Base */ = {isa = PBXFileReference; lastKnownFileType = file.storyboard; name = Base; path = Base.lproj/LaunchScreen.storyboard; sourceTree = "<group>"; };
		182175661FE7B82C00EC79D8 /* Info.plist */ = {isa = PBXFileReference; lastKnownFileType = text.plist.xml; path = Info.plist; sourceTree = "<group>"; };
		182175671FE7B82C00EC79D8 /* main.m */ = {isa = PBXFileReference; lastKnownFileType = sourcecode.c.objc; path = main.m; sourceTree = "<group>"; };
		1821756D1FE7B82C00EC79D8 /* shareTests.xctest */ = {isa = PBXFileReference; explicitFileType = wrapper.cfbundle; includeInIndex = 0; path = shareTests.xctest; sourceTree = BUILT_PRODUCTS_DIR; };
		182175711FE7B82C00EC79D8 /* shareTests.m */ = {isa = PBXFileReference; lastKnownFileType = sourcecode.c.objc; path = shareTests.m; sourceTree = "<group>"; };
		182175731FE7B82C00EC79D8 /* Info.plist */ = {isa = PBXFileReference; lastKnownFileType = text.plist.xml; path = Info.plist; sourceTree = "<group>"; };
		182175781FE7B82C00EC79D8 /* shareUITests.xctest */ = {isa = PBXFileReference; explicitFileType = wrapper.cfbundle; includeInIndex = 0; path = shareUITests.xctest; sourceTree = BUILT_PRODUCTS_DIR; };
		1821757C1FE7B82C00EC79D8 /* shareUITests.m */ = {isa = PBXFileReference; lastKnownFileType = sourcecode.c.objc; path = shareUITests.m; sourceTree = "<group>"; };
		1821757E1FE7B82C00EC79D8 /* Info.plist */ = {isa = PBXFileReference; lastKnownFileType = text.plist.xml; path = Info.plist; sourceTree = "<group>"; };
		1821758E1FE7B88C00EC79D8 /* shareSafire.appex */ = {isa = PBXFileReference; explicitFileType = "wrapper.app-extension"; includeInIndex = 0; path = shareSafire.appex; sourceTree = BUILT_PRODUCTS_DIR; };
		182175901FE7B88D00EC79D8 /* ShareViewController.h */ = {isa = PBXFileReference; lastKnownFileType = sourcecode.c.h; path = ShareViewController.h; sourceTree = "<group>"; };
		182175911FE7B88D00EC79D8 /* ShareViewController.m */ = {isa = PBXFileReference; lastKnownFileType = sourcecode.c.objc; path = ShareViewController.m; sourceTree = "<group>"; };
		182175941FE7B88D00EC79D8 /* Base */ = {isa = PBXFileReference; lastKnownFileType = file.storyboard; name = Base; path = Base.lproj/MainInterface.storyboard; sourceTree = "<group>"; };
		182175961FE7B88D00EC79D8 /* Info.plist */ = {isa = PBXFileReference; lastKnownFileType = text.plist.xml; path = Info.plist; sourceTree = "<group>"; };
/* End PBXFileReference section */

/* Begin PBXFrameworksBuildPhase section */
		182175521FE7B82C00EC79D8 /* Frameworks */ = {
			isa = PBXFrameworksBuildPhase;
			buildActionMask = 2147483647;
			files = (
			);
			runOnlyForDeploymentPostprocessing = 0;
		};
		1821756A1FE7B82C00EC79D8 /* Frameworks */ = {
			isa = PBXFrameworksBuildPhase;
			buildActionMask = 2147483647;
			files = (
			);
			runOnlyForDeploymentPostprocessing = 0;
		};
		182175751FE7B82C00EC79D8 /* Frameworks */ = {
			isa = PBXFrameworksBuildPhase;
			buildActionMask = 2147483647;
			files = (
			);
			runOnlyForDeploymentPostprocessing = 0;
		};
		1821758B1FE7B88C00EC79D8 /* Frameworks */ = {
			isa = PBXFrameworksBuildPhase;
			buildActionMask = 2147483647;
			files = (
			);
			runOnlyForDeploymentPostprocessing = 0;
		};
/* End PBXFrameworksBuildPhase section */

/* Begin PBXGroup section */
		1821754C1FE7B82C00EC79D8 = {
			isa = PBXGroup;
			children = (
				182175571FE7B82C00EC79D8 /* share */,
				182175701FE7B82C00EC79D8 /* shareTests */,
				1821757B1FE7B82C00EC79D8 /* shareUITests */,
				1821758F1FE7B88D00EC79D8 /* shareSafire */,
				182175561FE7B82C00EC79D8 /* Products */,
			);
			sourceTree = "<group>";
		};
		182175561FE7B82C00EC79D8 /* Products */ = {
			isa = PBXGroup;
			children = (
				182175551FE7B82C00EC79D8 /* share.app */,
				1821756D1FE7B82C00EC79D8 /* shareTests.xctest */,
				182175781FE7B82C00EC79D8 /* shareUITests.xctest */,
				1821758E1FE7B88C00EC79D8 /* shareSafire.appex */,
			);
			name = Products;
			sourceTree = "<group>";
		};
		182175571FE7B82C00EC79D8 /* share */ = {
			isa = PBXGroup;
			children = (
				182175581FE7B82C00EC79D8 /* AppDelegate.h */,
				182175591FE7B82C00EC79D8 /* AppDelegate.m */,
				1821755B1FE7B82C00EC79D8 /* ViewController.h */,
				1821755C1FE7B82C00EC79D8 /* ViewController.m */,
				1821755E1FE7B82C00EC79D8 /* Main.storyboard */,
				182175611FE7B82C00EC79D8 /* Assets.xcassets */,
				182175631FE7B82C00EC79D8 /* LaunchScreen.storyboard */,
				182175661FE7B82C00EC79D8 /* Info.plist */,
				182175671FE7B82C00EC79D8 /* main.m */,
			);
			path = share;
			sourceTree = "<group>";
		};
		182175701FE7B82C00EC79D8 /* shareTests */ = {
			isa = PBXGroup;
			children = (
				182175711FE7B82C00EC79D8 /* shareTests.m */,
				182175731FE7B82C00EC79D8 /* Info.plist */,
			);
			path = shareTests;
			sourceTree = "<group>";
		};
		1821757B1FE7B82C00EC79D8 /* shareUITests */ = {
			isa = PBXGroup;
			children = (
				1821757C1FE7B82C00EC79D8 /* shareUITests.m */,
				1821757E1FE7B82C00EC79D8 /* Info.plist */,
			);
			path = shareUITests;
			sourceTree = "<group>";
		};
		1821758F1FE7B88D00EC79D8 /* shareSafire */ = {
			isa = PBXGroup;
			children = (
				182175901FE7B88D00EC79D8 /* ShareViewController.h */,
				182175911FE7B88D00EC79D8 /* ShareViewController.m */,
				182175931FE7B88D00EC79D8 /* MainInterface.storyboard */,
				182175961FE7B88D00EC79D8 /* Info.plist */,
			);
			path = shareSafire;
			sourceTree = "<group>";
		};
/* End PBXGroup section */

/* Begin PBXNativeTarget section */
		182175541FE7B82C00EC79D8 /* share */ = {
			isa = PBXNativeTarget;
			buildConfigurationList = 182175811FE7B82C00EC79D8 /* Build configuration list for PBXNativeTarget "share" */;
			buildPhases = (
				182175511FE7B82C00EC79D8 /* Sources */,
				182175521FE7B82C00EC79D8 /* Frameworks */,
				182175531FE7B82C00EC79D8 /* Resources */,
				1821759D1FE7B88D00EC79D8 /* Embed App Extensions */,
			);
			buildRules = (
			);
			dependencies = (
				182175981FE7B88D00EC79D8 /* PBXTargetDependency */,
			);
			name = share;
			productName = share;
			productReference = 182175551FE7B82C00EC79D8 /* share.app */;
			productType = "com.apple.product-type.application";
		};
		1821756C1FE7B82C00EC79D8 /* shareTests */ = {
			isa = PBXNativeTarget;
			buildConfigurationList = 182175841FE7B82C00EC79D8 /* Build configuration list for PBXNativeTarget "shareTests" */;
			buildPhases = (
				182175691FE7B82C00EC79D8 /* Sources */,
				1821756A1FE7B82C00EC79D8 /* Frameworks */,
				1821756B1FE7B82C00EC79D8 /* Resources */,
			);
			buildRules = (
			);
			dependencies = (
				1821756F1FE7B82C00EC79D8 /* PBXTargetDependency */,
			);
			name = shareTests;
			productName = shareTests;
			productReference = 1821756D1FE7B82C00EC79D8 /* shareTests.xctest */;
			productType = "com.apple.product-type.bundle.unit-test";
		};
		182175771FE7B82C00EC79D8 /* shareUITests */ = {
			isa = PBXNativeTarget;
			buildConfigurationList = 182175871FE7B82C00EC79D8 /* Build configuration list for PBXNativeTarget "shareUITests" */;
			buildPhases = (
				182175741FE7B82C00EC79D8 /* Sources */,
				182175751FE7B82C00EC79D8 /* Frameworks */,
				182175761FE7B82C00EC79D8 /* Resources */,
			);
			buildRules = (
			);
			dependencies = (
				1821757A1FE7B82C00EC79D8 /* PBXTargetDependency */,
			);
			name = shareUITests;
			productName = shareUITests;
			productReference = 182175781FE7B82C00EC79D8 /* shareUITests.xctest */;
			productType = "com.apple.product-type.bundle.ui-testing";
		};
		1821758D1FE7B88C00EC79D8 /* shareSafire */ = {
			isa = PBXNativeTarget;
			buildConfigurationList = 1821759A1FE7B88D00EC79D8 /* Build configuration list for PBXNativeTarget "shareSafire" */;
			buildPhases = (
				1821758A1FE7B88C00EC79D8 /* Sources */,
				1821758B1FE7B88C00EC79D8 /* Frameworks */,
				1821758C1FE7B88C00EC79D8 /* Resources */,
			);
			buildRules = (
			);
			dependencies = (
			);
			name = shareSafire;
			productName = shareSafire;
			productReference = 1821758E1FE7B88C00EC79D8 /* shareSafire.appex */;
			productType = "com.apple.product-type.app-extension";
		};
/* End PBXNativeTarget section */

/* Begin PBXProject section */
		1821754D1FE7B82C00EC79D8 /* Project object */ = {
			isa = PBXProject;
			attributes = {
				LastUpgradeCheck = 0910;
				ORGANIZATIONNAME = "牛道健";
				TargetAttributes = {
					182175541FE7B82C00EC79D8 = {
						CreatedOnToolsVersion = 9.1;
						ProvisioningStyle = Automatic;
					};
					1821756C1FE7B82C00EC79D8 = {
						CreatedOnToolsVersion = 9.1;
						ProvisioningStyle = Automatic;
						TestTargetID = 182175541FE7B82C00EC79D8;
					};
					182175771FE7B82C00EC79D8 = {
						CreatedOnToolsVersion = 9.1;
						ProvisioningStyle = Automatic;
						TestTargetID = 182175541FE7B82C00EC79D8;
					};
					1821758D1FE7B88C00EC79D8 = {
						CreatedOnToolsVersion = 9.1;
						ProvisioningStyle = Automatic;
					};
				};
			};
			buildConfigurationList = 182175501FE7B82C00EC79D8 /* Build configuration list for PBXProject "share" */;
			compatibilityVersion = "Xcode 8.0";
			developmentRegion = en;
			hasScannedForEncodings = 0;
			knownRegions = (
				en,
				Base,
			);
			mainGroup = 1821754C1FE7B82C00EC79D8;
			productRefGroup = 182175561FE7B82C00EC79D8 /* Products */;
			projectDirPath = "";
			projectRoot = "";
			targets = (
				182175541FE7B82C00EC79D8 /* share */,
				1821756C1FE7B82C00EC79D8 /* shareTests */,
				182175771FE7B82C00EC79D8 /* shareUITests */,
				1821758D1FE7B88C00EC79D8 /* shareSafire */,
			);
		};
/* End PBXProject section */

/* Begin PBXResourcesBuildPhase section */
		182175531FE7B82C00EC79D8 /* Resources */ = {
			isa = PBXResourcesBuildPhase;
			buildActionMask = 2147483647;
			files = (
				182175651FE7B82C00EC79D8 /* LaunchScreen.storyboard in Resources */,
				182175621FE7B82C00EC79D8 /* Assets.xcassets in Resources */,
				182175601FE7B82C00EC79D8 /* Main.storyboard in Resources */,
			);
			runOnlyForDeploymentPostprocessing = 0;
		};
		1821756B1FE7B82C00EC79D8 /* Resources */ = {
			isa = PBXResourcesBuildPhase;
			buildActionMask = 2147483647;
			files = (
			);
			runOnlyForDeploymentPostprocessing = 0;
		};
		182175761FE7B82C00EC79D8 /* Resources */ = {
			isa = PBXResourcesBuildPhase;
			buildActionMask = 2147483647;
			files = (
			);
			runOnlyForDeploymentPostprocessing = 0;
		};
		1821758C1FE7B88C00EC79D8 /* Resources */ = {
			isa = PBXResourcesBuildPhase;
			buildActionMask = 2147483647;
			files = (
				182175951FE7B88D00EC79D8 /* MainInterface.storyboard in Resources */,
			);
			runOnlyForDeploymentPostprocessing = 0;
		};
/* End PBXResourcesBuildPhase section */

/* Begin PBXSourcesBuildPhase section */
		182175511FE7B82C00EC79D8 /* Sources */ = {
			isa = PBXSourcesBuildPhase;
			buildActionMask = 2147483647;
			files = (
				1821755D1FE7B82C00EC79D8 /* ViewController.m in Sources */,
				182175681FE7B82C00EC79D8 /* main.m in Sources */,
				1821755A1FE7B82C00EC79D8 /* AppDelegate.m in Sources */,
			);
			runOnlyForDeploymentPostprocessing = 0;
		};
		182175691FE7B82C00EC79D8 /* Sources */ = {
			isa = PBXSourcesBuildPhase;
			buildActionMask = 2147483647;
			files = (
				182175721FE7B82C00EC79D8 /* shareTests.m in Sources */,
			);
			runOnlyForDeploymentPostprocessing = 0;
		};
		182175741FE7B82C00EC79D8 /* Sources */ = {
			isa = PBXSourcesBuildPhase;
			buildActionMask = 2147483647;
			files = (
				1821757D1FE7B82C00EC79D8 /* shareUITests.m in Sources */,
			);
			runOnlyForDeploymentPostprocessing = 0;
		};
		1821758A1FE7B88C00EC79D8 /* Sources */ = {
			isa = PBXSourcesBuildPhase;
			buildActionMask = 2147483647;
			files = (
				182175921FE7B88D00EC79D8 /* ShareViewController.m in Sources */,
			);
			runOnlyForDeploymentPostprocessing = 0;
		};
/* End PBXSourcesBuildPhase section */

/* Begin PBXTargetDependency section */
		1821756F1FE7B82C00EC79D8 /* PBXTargetDependency */ = {
			isa = PBXTargetDependency;
			target = 182175541FE7B82C00EC79D8 /* share */;
			targetProxy = 1821756E1FE7B82C00EC79D8 /* PBXContainerItemProxy */;
		};
		1821757A1FE7B82C00EC79D8 /* PBXTargetDependency */ = {
			isa = PBXTargetDependency;
			target = 182175541FE7B82C00EC79D8 /* share */;
			targetProxy = 182175791FE7B82C00EC79D8 /* PBXContainerItemProxy */;
		};
		182175981FE7B88D00EC79D8 /* PBXTargetDependency */ = {
			isa = PBXTargetDependency;
			target = 1821758D1FE7B88C00EC79D8 /* shareSafire */;
			targetProxy = 182175971FE7B88D00EC79D8 /* PBXContainerItemProxy */;
		};
/* End PBXTargetDependency section */

/* Begin PBXVariantGroup section */
		1821755E1FE7B82C00EC79D8 /* Main.storyboard */ = {
			isa = PBXVariantGroup;
			children = (
				1821755F1FE7B82C00EC79D8 /* Base */,
			);
			name = Main.storyboard;
			sourceTree = "<group>";
		};
		182175631FE7B82C00EC79D8 /* LaunchScreen.storyboard */ = {
			isa = PBXVariantGroup;
			children = (
				182175641FE7B82C00EC79D8 /* Base */,
			);
			name = LaunchScreen.storyboard;
			sourceTree = "<group>";
		};
		182175931FE7B88D00EC79D8 /* MainInterface.storyboard */ = {
			isa = PBXVariantGroup;
			children = (
				182175941FE7B88D00EC79D8 /* Base */,
			);
			name = MainInterface.storyboard;
			sourceTree = "<group>";
		};
/* End PBXVariantGroup section */

/* Begin XCBuildConfiguration section */
		1821757F1FE7B82C00EC79D8 /* Debug */ = {
			isa = XCBuildConfiguration;
			buildSettings = {
				ALWAYS_SEARCH_USER_PATHS = NO;
				CLANG_ANALYZER_NONNULL = YES;
				CLANG_ANALYZER_NUMBER_OBJECT_CONVERSION = YES_AGGRESSIVE;
				CLANG_CXX_LANGUAGE_STANDARD = "gnu++14";
				CLANG_CXX_LIBRARY = "libc++";
				CLANG_ENABLE_MODULES = YES;
				CLANG_ENABLE_OBJC_ARC = YES;
				CLANG_WARN_BLOCK_CAPTURE_AUTORELEASING = YES;
				CLANG_WARN_BOOL_CONVERSION = YES;
				CLANG_WARN_COMMA = YES;
				CLANG_WARN_CONSTANT_CONVERSION = YES;
				CLANG_WARN_DIRECT_OBJC_ISA_USAGE = YES_ERROR;
				CLANG_WARN_DOCUMENTATION_COMMENTS = YES;
				CLANG_WARN_EMPTY_BODY = YES;
				CLANG_WARN_ENUM_CONVERSION = YES;
				CLANG_WARN_INFINITE_RECURSION = YES;
				CLANG_WARN_INT_CONVERSION = YES;
				CLANG_WARN_NON_LITERAL_NULL_CONVERSION = YES;
				CLANG_WARN_OBJC_LITERAL_CONVERSION = YES;
				CLANG_WARN_OBJC_ROOT_CLASS = YES_ERROR;
				CLANG_WARN_RANGE_LOOP_ANALYSIS = YES;
				CLANG_WARN_STRICT_PROTOTYPES = YES;
				CLANG_WARN_SUSPICIOUS_MOVE = YES;
				CLANG_WARN_UNGUARDED_AVAILABILITY = YES_AGGRESSIVE;
				CLANG_WARN_UNREACHABLE_CODE = YES;
				CLANG_WARN__DUPLICATE_METHOD_MATCH = YES;
				CODE_SIGN_IDENTITY = "iPhone Developer";
				COPY_PHASE_STRIP = NO;
				DEBUG_INFORMATION_FORMAT = dwarf;
				ENABLE_STRICT_OBJC_MSGSEND = YES;
				ENABLE_TESTABILITY = YES;
				GCC_C_LANGUAGE_STANDARD = gnu11;
				GCC_DYNAMIC_NO_PIC = NO;
				GCC_NO_COMMON_BLOCKS = YES;
				GCC_OPTIMIZATION_LEVEL = 0;
				GCC_PREPROCESSOR_DEFINITIONS = (
					"DEBUG=1",
					"$(inherited)",
				);
				GCC_WARN_64_TO_32_BIT_CONVERSION = YES;
				GCC_WARN_ABOUT_RETURN_TYPE = YES_ERROR;
				GCC_WARN_UNDECLARED_SELECTOR = YES;
				GCC_WARN_UNINITIALIZED_AUTOS = YES_AGGRESSIVE;
				GCC_WARN_UNUSED_FUNCTION = YES;
				GCC_WARN_UNUSED_VARIABLE = YES;
				IPHONEOS_DEPLOYMENT_TARGET = 11.1;
				MTL_ENABLE_DEBUG_INFO = YES;
				ONLY_ACTIVE_ARCH = YES;
				SDKROOT = iphoneos;
			};
			name = Debug;
		};
		182175801FE7B82C00EC79D8 /* Release */ = {
			isa = XCBuildConfiguration;
			buildSettings = {
				ALWAYS_SEARCH_USER_PATHS = NO;
				CLANG_ANALYZER_NONNULL = YES;
				CLANG_ANALYZER_NUMBER_OBJECT_CONVERSION = YES_AGGRESSIVE;
				CLANG_CXX_LANGUAGE_STANDARD = "gnu++14";
				CLANG_CXX_LIBRARY = "libc++";
				CLANG_ENABLE_MODULES = YES;
				CLANG_ENABLE_OBJC_ARC = YES;
				CLANG_WARN_BLOCK_CAPTURE_AUTORELEASING = YES;
				CLANG_WARN_BOOL_CONVERSION = YES;
				CLANG_WARN_COMMA = YES;
				CLANG_WARN_CONSTANT_CONVERSION = YES;
				CLANG_WARN_DIRECT_OBJC_ISA_USAGE = YES_ERROR;
				CLANG_WARN_DOCUMENTATION_COMMENTS = YES;
				CLANG_WARN_EMPTY_BODY = YES;
				CLANG_WARN_ENUM_CONVERSION = YES;
				CLANG_WARN_INFINITE_RECURSION = YES;
				CLANG_WARN_INT_CONVERSION = YES;
				CLANG_WARN_NON_LITERAL_NULL_CONVERSION = YES;
				CLANG_WARN_OBJC_LITERAL_CONVERSION = YES;
				CLANG_WARN_OBJC_ROOT_CLASS = YES_ERROR;
				CLANG_WARN_RANGE_LOOP_ANALYSIS = YES;
				CLANG_WARN_STRICT_PROTOTYPES = YES;
				CLANG_WARN_SUSPICIOUS_MOVE = YES;
				CLANG_WARN_UNGUARDED_AVAILABILITY = YES_AGGRESSIVE;
				CLANG_WARN_UNREACHABLE_CODE = YES;
				CLANG_WARN__DUPLICATE_METHOD_MATCH = YES;
				CODE_SIGN_IDENTITY = "iPhone Developer";
				COPY_PHASE_STRIP = NO;
				DEBUG_INFORMATION_FORMAT = "dwarf-with-dsym";
				ENABLE_NS_ASSERTIONS = NO;
				ENABLE_STRICT_OBJC_MSGSEND = YES;
				GCC_C_LANGUAGE_STANDARD = gnu11;
				GCC_NO_COMMON_BLOCKS = YES;
				GCC_WARN_64_TO_32_BIT_CONVERSION = YES;
				GCC_WARN_ABOUT_RETURN_TYPE = YES_ERROR;
				GCC_WARN_UNDECLARED_SELECTOR = YES;
				GCC_WARN_UNINITIALIZED_AUTOS = YES_AGGRESSIVE;
				GCC_WARN_UNUSED_FUNCTION = YES;
				GCC_WARN_UNUSED_VARIABLE = YES;
				IPHONEOS_DEPLOYMENT_TARGET = 11.1;
				MTL_ENABLE_DEBUG_INFO = NO;
				SDKROOT = iphoneos;
				VALIDATE_PRODUCT = YES;
			};
			name = Release;
		};
		182175821FE7B82C00EC79D8 /* Debug */ = {
			isa = XCBuildConfiguration;
			buildSettings = {
				ASSETCATALOG_COMPILER_APPICON_NAME = AppIcon;
				CODE_SIGN_STYLE = Automatic;
				DEVELOPMENT_TEAM = KPN32UVBQ5;
				INFOPLIST_FILE = share/Info.plist;
				IPHONEOS_DEPLOYMENT_TARGET = 8.0;
				LD_RUNPATH_SEARCH_PATHS = "$(inherited) @executable_path/Frameworks";
				PRODUCT_BUNDLE_IDENTIFIER = com.share;
				PRODUCT_NAME = "$(TARGET_NAME)";
				TARGETED_DEVICE_FAMILY = "1,2";
			};
			name = Debug;
		};
		182175831FE7B82C00EC79D8 /* Release */ = {
			isa = XCBuildConfiguration;
			buildSettings = {
				ASSETCATALOG_COMPILER_APPICON_NAME = AppIcon;
				CODE_SIGN_STYLE = Automatic;
				DEVELOPMENT_TEAM = KPN32UVBQ5;
				INFOPLIST_FILE = share/Info.plist;
				IPHONEOS_DEPLOYMENT_TARGET = 8.0;
				LD_RUNPATH_SEARCH_PATHS = "$(inherited) @executable_path/Frameworks";
				PRODUCT_BUNDLE_IDENTIFIER = com.share;
				PRODUCT_NAME = "$(TARGET_NAME)";
				TARGETED_DEVICE_FAMILY = "1,2";
			};
			name = Release;
		};
		182175851FE7B82C00EC79D8 /* Debug */ = {
			isa = XCBuildConfiguration;
			buildSettings = {
				BUNDLE_LOADER = "$(TEST_HOST)";
				CODE_SIGN_STYLE = Automatic;
				DEVELOPMENT_TEAM = KPN32UVBQ5;
				INFOPLIST_FILE = shareTests/Info.plist;
				LD_RUNPATH_SEARCH_PATHS = "$(inherited) @executable_path/Frameworks @loader_path/Frameworks";
				PRODUCT_BUNDLE_IDENTIFIER = com.shareTests;
				PRODUCT_NAME = "$(TARGET_NAME)";
				TARGETED_DEVICE_FAMILY = "1,2";
				TEST_HOST = "$(BUILT_PRODUCTS_DIR)/share.app/share";
			};
			name = Debug;
		};
		182175861FE7B82C00EC79D8 /* Release */ = {
			isa = XCBuildConfiguration;
			buildSettings = {
				BUNDLE_LOADER = "$(TEST_HOST)";
				CODE_SIGN_STYLE = Automatic;
				DEVELOPMENT_TEAM = KPN32UVBQ5;
				INFOPLIST_FILE = shareTests/Info.plist;
				LD_RUNPATH_SEARCH_PATHS = "$(inherited) @executable_path/Frameworks @loader_path/Frameworks";
				PRODUCT_BUNDLE_IDENTIFIER = com.shareTests;
				PRODUCT_NAME = "$(TARGET_NAME)";
				TARGETED_DEVICE_FAMILY = "1,2";
				TEST_HOST = "$(BUILT_PRODUCTS_DIR)/share.app/share";
			};
			name = Release;
		};
		182175881FE7B82C00EC79D8 /* Debug */ = {
			isa = XCBuildConfiguration;
			buildSettings = {
				CODE_SIGN_STYLE = Automatic;
				DEVELOPMENT_TEAM = KPN32UVBQ5;
				INFOPLIST_FILE = shareUITests/Info.plist;
				LD_RUNPATH_SEARCH_PATHS = "$(inherited) @executable_path/Frameworks @loader_path/Frameworks";
				PRODUCT_BUNDLE_IDENTIFIER = com.shareUITests;
				PRODUCT_NAME = "$(TARGET_NAME)";
				TARGETED_DEVICE_FAMILY = "1,2";
				TEST_TARGET_NAME = share;
			};
			name = Debug;
		};
		182175891FE7B82C00EC79D8 /* Release */ = {
			isa = XCBuildConfiguration;
			buildSettings = {
				CODE_SIGN_STYLE = Automatic;
				DEVELOPMENT_TEAM = KPN32UVBQ5;
				INFOPLIST_FILE = shareUITests/Info.plist;
				LD_RUNPATH_SEARCH_PATHS = "$(inherited) @executable_path/Frameworks @loader_path/Frameworks";
				PRODUCT_BUNDLE_IDENTIFIER = com.shareUITests;
				PRODUCT_NAME = "$(TARGET_NAME)";
				TARGETED_DEVICE_FAMILY = "1,2";
				TEST_TARGET_NAME = share;
			};
			name = Release;
		};
		1821759B1FE7B88D00EC79D8 /* Debug */ = {
			isa = XCBuildConfiguration;
			buildSettings = {
				CODE_SIGN_STYLE = Automatic;
				DEVELOPMENT_TEAM = KPN32UVBQ5;
				INFOPLIST_FILE = shareSafire/Info.plist;
				IPHONEOS_DEPLOYMENT_TARGET = 8.2;
				LD_RUNPATH_SEARCH_PATHS = "$(inherited) @executable_path/Frameworks @executable_path/../../Frameworks";
				PRODUCT_BUNDLE_IDENTIFIER = com.share.shareSafire;
				PRODUCT_NAME = "$(TARGET_NAME)";
				SKIP_INSTALL = YES;
				TARGETED_DEVICE_FAMILY = "1,2";
			};
			name = Debug;
		};
		1821759C1FE7B88D00EC79D8 /* Release */ = {
			isa = XCBuildConfiguration;
			buildSettings = {
				CODE_SIGN_STYLE = Automatic;
				DEVELOPMENT_TEAM = KPN32UVBQ5;
				INFOPLIST_FILE = shareSafire/Info.plist;
				IPHONEOS_DEPLOYMENT_TARGET = 8.2;
				LD_RUNPATH_SEARCH_PATHS = "$(inherited) @executable_path/Frameworks @executable_path/../../Frameworks";
				PRODUCT_BUNDLE_IDENTIFIER = com.share.shareSafire;
				PRODUCT_NAME = "$(TARGET_NAME)";
				SKIP_INSTALL = YES;
				TARGETED_DEVICE_FAMILY = "1,2";
			};
			name = Release;
		};
/* End XCBuildConfiguration section */

/* Begin XCConfigurationList section */
		182175501FE7B82C00EC79D8 /* Build configuration list for PBXProject "share" */ = {
			isa = XCConfigurationList;
			buildConfigurations = (
				1821757F1FE7B82C00EC79D8 /* Debug */,
				182175801FE7B82C00EC79D8 /* Release */,
			);
			defaultConfigurationIsVisible = 0;
			defaultConfigurationName = Release;
		};
		182175811FE7B82C00EC79D8 /* Build configuration list for PBXNativeTarget "share" */ = {
			isa = XCConfigurationList;
			buildConfigurations = (
				182175821FE7B82C00EC79D8 /* Debug */,
				182175831FE7B82C00EC79D8 /* Release */,
			);
			defaultConfigurationIsVisible = 0;
			defaultConfigurationName = Release;
		};
		182175841FE7B82C00EC79D8 /* Build configuration list for PBXNativeTarget "shareTests" */ = {
			isa = XCConfigurationList;
			buildConfigurations = (
				182175851FE7B82C00EC79D8 /* Debug */,
				182175861FE7B82C00EC79D8 /* Release */,
			);
			defaultConfigurationIsVisible = 0;
			defaultConfigurationName = Release;
		};
		182175871FE7B82C00EC79D8 /* Build configuration list for PBXNativeTarget "shareUITests" */ = {
			isa = XCConfigurationList;
			buildConfigurations = (
				182175881FE7B82C00EC79D8 /* Debug */,
				182175891FE7B82C00EC79D8 /* Release */,
			);
			defaultConfigurationIsVisible = 0;
			defaultConfigurationName = Release;
		};
		1821759A1FE7B88D00EC79D8 /* Build configuration list for PBXNativeTarget "shareSafire" */ = {
			isa = XCConfigurationList;
			buildConfigurations = (
				1821759B1FE7B88D00EC79D8 /* Debug */,
				1821759C1FE7B88D00EC79D8 /* Release */,
			);
			defaultConfigurationIsVisible = 0;
			defaultConfigurationName = Release;
		};
/* End XCConfigurationList section */
	};
	rootObject = 1821754D1FE7B82C00EC79D8 /* Project object */;
}
